
Microsoft Visual Studio Solution File, Format Version 12.00
# Visual Studio 2012
Project("{2150E333-8FDC-42A3-9474-1A3956D46DE8}") = "MilitaryFaculty.Domain", "MilitaryFaculty.Domain", "{8BD1E61E-7CAD-4566-9D5B-9C98DBC495C1}"
EndProject
Project("{2150E333-8FDC-42A3-9474-1A3956D46DE8}") = "MilitaryFaculty.DataAccess", "MilitaryFaculty.DataAccess", "{CF87E20A-6752-4BBF-AB2E-A22CE904A277}"
EndProject
Project("{2150E333-8FDC-42A3-9474-1A3956D46DE8}") = "MilitaryFaculty.Logic", "MilitaryFaculty.Logic", "{731F0277-7B54-4A16-9575-B662FAA56BDB}"
EndProject
Project("{2150E333-8FDC-42A3-9474-1A3956D46DE8}") = "MilitaryFaculty.Presentation", "MilitaryFaculty.Presentation", "{8CAEFDE1-33E6-4FF5-A246-DE3C5F44AEB2}"
EndProject
Project("{FAE04EC0-301F-11D3-BF4B-00C04F79EFBC}") = "MilitaryFaculty.DataAccess", "MilitaryFaculty.DataAccess\MilitaryFaculty.DataAccess\MilitaryFaculty.DataAccess.csproj", "{64CF86E4-FCB8-40F5-B9D8-BF403BE66858}"
EndProject
Project("{FAE04EC0-301F-11D3-BF4B-00C04F79EFBC}") = "MilitaryFaculty.DataAccess.Contract", "MilitaryFaculty.DataAccess\MilitaryFaculty.DataAccess.Contract\MilitaryFaculty.DataAccess.Contract.csproj", "{1F3C691F-2E66-4A98-AD58-1FC5B752317D}"
EndProject
Project("{FAE04EC0-301F-11D3-BF4B-00C04F79EFBC}") = "MilitaryFaculty.Domain", "MilitaryFaculty.Domain\MilitaryFaculty.Domain\MilitaryFaculty.Domain.csproj", "{6D238556-9B46-46DE-BDC9-0BB085627089}"
EndProject
Project("{FAE04EC0-301F-11D3-BF4B-00C04F79EFBC}") = "MilitaryFaculty.Domain.Contract", "MilitaryFaculty.Domain\MilitaryFaculty.Domain.Contract\MilitaryFaculty.Domain.Contract.csproj", "{10E40656-D44B-46CE-9FED-0496F71554B7}"
EndProject
Project("{FAE04EC0-301F-11D3-BF4B-00C04F79EFBC}") = "MilitaryFaculty.Logic", "MilitaryFaculty.Logic\MilitaryFaculty.Logic\MilitaryFaculty.Logic.csproj", "{813E121E-1097-4A5A-B672-4AC98E21D4EE}"
EndProject
Project("{FAE04EC0-301F-11D3-BF4B-00C04F79EFBC}") = "MilitaryFaculty.Logic.Services", "MilitaryFaculty.Logic\MilitaryFaculty.Logic.Services\MilitaryFaculty.Logic.Services.csproj", "{74DE6247-CC90-4EA8-BD45-C51C3ED32EF2}"
EndProject
Project("{FAE04EC0-301F-11D3-BF4B-00C04F79EFBC}") = "MilitaryFaculty.Presentation", "MilitaryFaculty.Presentation\MilitaryFaculty.Presentation.csproj", "{605451BC-3748-4D32-8B5F-20915719894C}"
EndProject
Project("{2150E333-8FDC-42A3-9474-1A3956D46DE8}") = "_Tests", "_Tests", "{63B78265-6160-4D37-A24B-AA82A217F781}"
EndProject
Project("{2150E333-8FDC-42A3-9474-1A3956D46DE8}") = "MilitaryFaculty.Common", "MilitaryFaculty.Common", "{DCA4EE3D-8A72-4430-90FB-6B70DA2FB058}"
EndProject
Project("{FAE04EC0-301F-11D3-BF4B-00C04F79EFBC}") = "MilitaryFaculty.Common.Extensions", "MilitaryFaculty.Common\MilitaryFaculty.Common.Extensions\MilitaryFaculty.Common.Extensions.csproj", "{E24CB60A-D2B9-41EE-9DA9-883ED119E9AB}"
EndProject
Global
	GlobalSection(SolutionConfigurationPlatforms) = preSolution
		Debug|Any CPU = Debug|Any CPU
		Release|Any CPU = Release|Any CPU
	EndGlobalSection
	GlobalSection(ProjectConfigurationPlatforms) = postSolution
		{64CF86E4-FCB8-40F5-B9D8-BF403BE66858}.Debug|Any CPU.ActiveCfg = Debug|Any CPU
		{64CF86E4-FCB8-40F5-B9D8-BF403BE66858}.Debug|Any CPU.Build.0 = Debug|Any CPU
		{64CF86E4-FCB8-40F5-B9D8-BF403BE66858}.Release|Any CPU.ActiveCfg = Release|Any CPU
		{64CF86E4-FCB8-40F5-B9D8-BF403BE66858}.Release|Any CPU.Build.0 = Release|Any CPU
		{1F3C691F-2E66-4A98-AD58-1FC5B752317D}.Debug|Any CPU.ActiveCfg = Debug|Any CPU
		{1F3C691F-2E66-4A98-AD58-1FC5B752317D}.Debug|Any CPU.Build.0 = Debug|Any CPU
		{1F3C691F-2E66-4A98-AD58-1FC5B752317D}.Release|Any CPU.ActiveCfg = Release|Any CPU
		{1F3C691F-2E66-4A98-AD58-1FC5B752317D}.Release|Any CPU.Build.0 = Release|Any CPU
		{6D238556-9B46-46DE-BDC9-0BB085627089}.Debug|Any CPU.ActiveCfg = Debug|Any CPU
		{6D238556-9B46-46DE-BDC9-0BB085627089}.Debug|Any CPU.Build.0 = Debug|Any CPU
		{6D238556-9B46-46DE-BDC9-0BB085627089}.Release|Any CPU.ActiveCfg = Release|Any CPU
		{6D238556-9B46-46DE-BDC9-0BB085627089}.Release|Any CPU.Build.0 = Release|Any CPU
		{10E40656-D44B-46CE-9FED-0496F71554B7}.Debug|Any CPU.ActiveCfg = Debug|Any CPU
		{10E40656-D44B-46CE-9FED-0496F71554B7}.Debug|Any CPU.Build.0 = Debug|Any CPU
		{10E40656-D44B-46CE-9FED-0496F71554B7}.Release|Any CPU.ActiveCfg = Release|Any CPU
		{10E40656-D44B-46CE-9FED-0496F71554B7}.Release|Any CPU.Build.0 = Release|Any CPU
		{813E121E-1097-4A5A-B672-4AC98E21D4EE}.Debug|Any CPU.ActiveCfg = Debug|Any CPU
		{813E121E-1097-4A5A-B672-4AC98E21D4EE}.Debug|Any CPU.Build.0 = Debug|Any CPU
		{813E121E-1097-4A5A-B672-4AC98E21D4EE}.Release|Any CPU.ActiveCfg = Release|Any CPU
		{813E121E-1097-4A5A-B672-4AC98E21D4EE}.Release|Any CPU.Build.0 = Release|Any CPU
		{74DE6247-CC90-4EA8-BD45-C51C3ED32EF2}.Debug|Any CPU.ActiveCfg = Debug|Any CPU
		{74DE6247-CC90-4EA8-BD45-C51C3ED32EF2}.Debug|Any CPU.Build.0 = Debug|Any CPU
		{74DE6247-CC90-4EA8-BD45-C51C3ED32EF2}.Release|Any CPU.ActiveCfg = Release|Any CPU
		{74DE6247-CC90-4EA8-BD45-C51C3ED32EF2}.Release|Any CPU.Build.0 = Release|Any CPU
		{605451BC-3748-4D32-8B5F-20915719894C}.Debug|Any CPU.ActiveCfg = Debug|Any CPU
		{605451BC-3748-4D32-8B5F-20915719894C}.Debug|Any CPU.Build.0 = Debug|Any CPU
		{605451BC-3748-4D32-8B5F-20915719894C}.Release|Any CPU.ActiveCfg = Release|Any CPU
		{605451BC-3748-4D32-8B5F-20915719894C}.Release|Any CPU.Build.0 = Release|Any CPU
		{E24CB60A-D2B9-41EE-9DA9-883ED119E9AB}.Debug|Any CPU.ActiveCfg = Debug|Any CPU
		{E24CB60A-D2B9-41EE-9DA9-883ED119E9AB}.Debug|Any CPU.Build.0 = Debug|Any CPU
		{E24CB60A-D2B9-41EE-9DA9-883ED119E9AB}.Release|Any CPU.ActiveCfg = Release|Any CPU
		{E24CB60A-D2B9-41EE-9DA9-883ED119E9AB}.Release|Any CPU.Build.0 = Release|Any CPU
	EndGlobalSection
	GlobalSection(SolutionProperties) = preSolution
		HideSolutionNode = FALSE
	EndGlobalSection
	GlobalSection(NestedProjects) = preSolution
		{6D238556-9B46-46DE-BDC9-0BB085627089} = {8BD1E61E-7CAD-4566-9D5B-9C98DBC495C1}
		{10E40656-D44B-46CE-9FED-0496F71554B7} = {8BD1E61E-7CAD-4566-9D5B-9C98DBC495C1}
		{64CF86E4-FCB8-40F5-B9D8-BF403BE66858} = {CF87E20A-6752-4BBF-AB2E-A22CE904A277}
		{1F3C691F-2E66-4A98-AD58-1FC5B752317D} = {CF87E20A-6752-4BBF-AB2E-A22CE904A277}
		{813E121E-1097-4A5A-B672-4AC98E21D4EE} = {731F0277-7B54-4A16-9575-B662FAA56BDB}
		{74DE6247-CC90-4EA8-BD45-C51C3ED32EF2} = {731F0277-7B54-4A16-9575-B662FAA56BDB}
		{605451BC-3748-4D32-8B5F-20915719894C} = {8CAEFDE1-33E6-4FF5-A246-DE3C5F44AEB2}
		{E24CB60A-D2B9-41EE-9DA9-883ED119E9AB} = {DCA4EE3D-8A72-4430-90FB-6B70DA2FB058}
	EndGlobalSection
EndGlobal
